Microsoft Visual Studio Solution File, Format Version 12.00
# Visual Studio 14
Project("{8BC9CEB8-8B4A-11D0-8D11-00A0C91BC942}") = "ALL_BUILD", "ALL_BUILD.vcxproj", "{3C45584E-DE7F-3C3D-9336-0F1D99A5A159}"
	ProjectSection(ProjectDependencies) = postProject
		{4E4CDA9F-41F1-3E6A-98FD-03AB0E02EADD} = {4E4CDA9F-41F1-3E6A-98FD-03AB0E02EADD}
		{B2EC2885-E059-36FA-BB02-16DE9E1A595B} = {B2EC2885-E059-36FA-BB02-16DE9E1A595B}
		{1D3581CF-44FF-3877-B055-571B1A6714D4} = {1D3581CF-44FF-3877-B055-571B1A6714D4}
		{3DF86CB1-A86F-3933-97C7-D82261CF7413} = {3DF86CB1-A86F-3933-97C7-D82261CF7413}
		{4C1B9466-6D09-3F4E-A52C-7CF07B908302} = {4C1B9466-6D09-3F4E-A52C-7CF07B908302}
		{F1E01481-ED3C-31E2-A141-7A1F9452B036} = {F1E01481-ED3C-31E2-A141-7A1F9452B036}
		{42C0C5FC-6BA0-38F1-8C6B-0AAA68C6382D} = {42C0C5FC-6BA0-38F1-8C6B-0AAA68C6382D}
		{1934C7DD-8461-3CBF-8B4E-F1BE9447D215} = {1934C7DD-8461-3CBF-8B4E-F1BE9447D215}
		{C46103D4-68A2-3EA7-9AFE-1B8D3D57C6F6} = {C46103D4-68A2-3EA7-9AFE-1B8D3D57C6F6}
		{841B2417-D9C6-3122-98DC-D885B5325425} = {841B2417-D9C6-3122-98DC-D885B5325425}
	EndProjectSection
EndProject
Project("{6989167D-11E4-40FE-8C1A-2192A86A7E90}") = "BeFoR64", "BeFoR64\BeFoR64.vfproj", "{4E4CDA9F-41F1-3E6A-98FD-03AB0E02EADD}"
	ProjectSection(ProjectDependencies) = postProject
		{841B2417-D9C6-3122-98DC-D885B5325425} = {841B2417-D9C6-3122-98DC-D885B5325425}
	EndProjectSection
EndProject
Project("{6989167D-11E4-40FE-8C1A-2192A86A7E90}") = "CLA", "CLA\CLA.vfproj", "{B2EC2885-E059-36FA-BB02-16DE9E1A595B}"
	ProjectSection(ProjectDependencies) = postProject
		{841B2417-D9C6-3122-98DC-D885B5325425} = {841B2417-D9C6-3122-98DC-D885B5325425}
	EndProjectSection
EndProject
Project("{6989167D-11E4-40FE-8C1A-2192A86A7E90}") = "FACE", "FACE\FACE.vfproj", "{1D3581CF-44FF-3877-B055-571B1A6714D4}"
	ProjectSection(ProjectDependencies) = postProject
		{841B2417-D9C6-3122-98DC-D885B5325425} = {841B2417-D9C6-3122-98DC-D885B5325425}
	EndProjectSection
EndProject
Project("{6989167D-11E4-40FE-8C1A-2192A86A7E90}") = "FLAP", "FLAP\FLAP.vfproj", "{3DF86CB1-A86F-3933-97C7-D82261CF7413}"
	ProjectSection(ProjectDependencies) = postProject
		{841B2417-D9C6-3122-98DC-D885B5325425} = {841B2417-D9C6-3122-98DC-D885B5325425}
	EndProjectSection
EndProject
Project("{6989167D-11E4-40FE-8C1A-2192A86A7E90}") = "Foxy", "FoXy\Foxy.vfproj", "{4C1B9466-6D09-3F4E-A52C-7CF07B908302}"
	ProjectSection(ProjectDependencies) = postProject
		{841B2417-D9C6-3122-98DC-D885B5325425} = {841B2417-D9C6-3122-98DC-D885B5325425}
	EndProjectSection
EndProject
Project("{6989167D-11E4-40FE-8C1A-2192A86A7E90}") = "PENF", "PENF\PENF.vfproj", "{F1E01481-ED3C-31E2-A141-7A1F9452B036}"
	ProjectSection(ProjectDependencies) = postProject
		{841B2417-D9C6-3122-98DC-D885B5325425} = {841B2417-D9C6-3122-98DC-D885B5325425}
	EndProjectSection
EndProject
Project("{6989167D-11E4-40FE-8C1A-2192A86A7E90}") = "StringiFor", "StringiFor\StringiFor.vfproj", "{42C0C5FC-6BA0-38F1-8C6B-0AAA68C6382D}"
	ProjectSection(ProjectDependencies) = postProject
		{841B2417-D9C6-3122-98DC-D885B5325425} = {841B2417-D9C6-3122-98DC-D885B5325425}
	EndProjectSection
EndProject
Project("{6989167D-11E4-40FE-8C1A-2192A86A7E90}") = "VTKFortran", "VTKFortran\VTKFortran.vfproj", "{1934C7DD-8461-3CBF-8B4E-F1BE9447D215}"
	ProjectSection(ProjectDependencies) = postProject
		{841B2417-D9C6-3122-98DC-D885B5325425} = {841B2417-D9C6-3122-98DC-D885B5325425}
	EndProjectSection
EndProject
Project("{6989167D-11E4-40FE-8C1A-2192A86A7E90}") = "VecFor", "VecFor\VecFor.vfproj", "{C46103D4-68A2-3EA7-9AFE-1B8D3D57C6F6}"
	ProjectSection(ProjectDependencies) = postProject
		{841B2417-D9C6-3122-98DC-D885B5325425} = {841B2417-D9C6-3122-98DC-D885B5325425}
	EndProjectSection
EndProject
Project("{8BC9CEB8-8B4A-11D0-8D11-00A0C91BC942}") = "ZERO_CHECK", "ZERO_CHECK.vcxproj", "{841B2417-D9C6-3122-98DC-D885B5325425}"
	ProjectSection(ProjectDependencies) = postProject
	EndProjectSection
EndProject
Global
	GlobalSection(SolutionConfigurationPlatforms) = preSolution
		DEBUG|x64 = DEBUG|x64
		RELEASE|x64 = RELEASE|x64
	EndGlobalSection
	GlobalSection(ProjectConfigurationPlatforms) = postSolution
		{3C45584E-DE7F-3C3D-9336-0F1D99A5A159}.DEBUG|x64.ActiveCfg = DEBUG|x64
		{3C45584E-DE7F-3C3D-9336-0F1D99A5A159}.RELEASE|x64.ActiveCfg = RELEASE|x64
		{4E4CDA9F-41F1-3E6A-98FD-03AB0E02EADD}.DEBUG|x64.ActiveCfg = DEBUG|x64
		{4E4CDA9F-41F1-3E6A-98FD-03AB0E02EADD}.DEBUG|x64.Build.0 = DEBUG|x64
		{4E4CDA9F-41F1-3E6A-98FD-03AB0E02EADD}.RELEASE|x64.ActiveCfg = RELEASE|x64
		{4E4CDA9F-41F1-3E6A-98FD-03AB0E02EADD}.RELEASE|x64.Build.0 = RELEASE|x64
		{B2EC2885-E059-36FA-BB02-16DE9E1A595B}.DEBUG|x64.ActiveCfg = DEBUG|x64
		{B2EC2885-E059-36FA-BB02-16DE9E1A595B}.DEBUG|x64.Build.0 = DEBUG|x64
		{B2EC2885-E059-36FA-BB02-16DE9E1A595B}.RELEASE|x64.ActiveCfg = RELEASE|x64
		{B2EC2885-E059-36FA-BB02-16DE9E1A595B}.RELEASE|x64.Build.0 = RELEASE|x64
		{1D3581CF-44FF-3877-B055-571B1A6714D4}.DEBUG|x64.ActiveCfg = DEBUG|x64
		{1D3581CF-44FF-3877-B055-571B1A6714D4}.DEBUG|x64.Build.0 = DEBUG|x64
		{1D3581CF-44FF-3877-B055-571B1A6714D4}.RELEASE|x64.ActiveCfg = RELEASE|x64
		{1D3581CF-44FF-3877-B055-571B1A6714D4}.RELEASE|x64.Build.0 = RELEASE|x64
		{3DF86CB1-A86F-3933-97C7-D82261CF7413}.DEBUG|x64.ActiveCfg = DEBUG|x64
		{3DF86CB1-A86F-3933-97C7-D82261CF7413}.DEBUG|x64.Build.0 = DEBUG|x64
		{3DF86CB1-A86F-3933-97C7-D82261CF7413}.RELEASE|x64.ActiveCfg = RELEASE|x64
		{3DF86CB1-A86F-3933-97C7-D82261CF7413}.RELEASE|x64.Build.0 = RELEASE|x64
		{4C1B9466-6D09-3F4E-A52C-7CF07B908302}.DEBUG|x64.ActiveCfg = DEBUG|x64
		{4C1B9466-6D09-3F4E-A52C-7CF07B908302}.DEBUG|x64.Build.0 = DEBUG|x64
		{4C1B9466-6D09-3F4E-A52C-7CF07B908302}.RELEASE|x64.ActiveCfg = RELEASE|x64
		{4C1B9466-6D09-3F4E-A52C-7CF07B908302}.RELEASE|x64.Build.0 = RELEASE|x64
		{F1E01481-ED3C-31E2-A141-7A1F9452B036}.DEBUG|x64.ActiveCfg = DEBUG|x64
		{F1E01481-ED3C-31E2-A141-7A1F9452B036}.DEBUG|x64.Build.0 = DEBUG|x64
		{F1E01481-ED3C-31E2-A141-7A1F9452B036}.RELEASE|x64.ActiveCfg = RELEASE|x64
		{F1E01481-ED3C-31E2-A141-7A1F9452B036}.RELEASE|x64.Build.0 = RELEASE|x64
		{42C0C5FC-6BA0-38F1-8C6B-0AAA68C6382D}.DEBUG|x64.ActiveCfg = DEBUG|x64
		{42C0C5FC-6BA0-38F1-8C6B-0AAA68C6382D}.DEBUG|x64.Build.0 = DEBUG|x64
		{42C0C5FC-6BA0-38F1-8C6B-0AAA68C6382D}.RELEASE|x64.ActiveCfg = RELEASE|x64
		{42C0C5FC-6BA0-38F1-8C6B-0AAA68C6382D}.RELEASE|x64.Build.0 = RELEASE|x64
		{1934C7DD-8461-3CBF-8B4E-F1BE9447D215}.DEBUG|x64.ActiveCfg = DEBUG|x64
		{1934C7DD-8461-3CBF-8B4E-F1BE9447D215}.DEBUG|x64.Build.0 = DEBUG|x64
		{1934C7DD-8461-3CBF-8B4E-F1BE9447D215}.RELEASE|x64.ActiveCfg = RELEASE|x64
		{1934C7DD-8461-3CBF-8B4E-F1BE9447D215}.RELEASE|x64.Build.0 = RELEASE|x64
		{C46103D4-68A2-3EA7-9AFE-1B8D3D57C6F6}.DEBUG|x64.ActiveCfg = DEBUG|x64
		{C46103D4-68A2-3EA7-9AFE-1B8D3D57C6F6}.DEBUG|x64.Build.0 = DEBUG|x64
		{C46103D4-68A2-3EA7-9AFE-1B8D3D57C6F6}.RELEASE|x64.ActiveCfg = RELEASE|x64
		{C46103D4-68A2-3EA7-9AFE-1B8D3D57C6F6}.RELEASE|x64.Build.0 = RELEASE|x64
		{841B2417-D9C6-3122-98DC-D885B5325425}.DEBUG|x64.ActiveCfg = DEBUG|x64
		{841B2417-D9C6-3122-98DC-D885B5325425}.DEBUG|x64.Build.0 = DEBUG|x64
		{841B2417-D9C6-3122-98DC-D885B5325425}.RELEASE|x64.ActiveCfg = RELEASE|x64
		{841B2417-D9C6-3122-98DC-D885B5325425}.RELEASE|x64.Build.0 = RELEASE|x64
	EndGlobalSection
	GlobalSection(ExtensibilityGlobals) = postSolution
		SolutionGuid = {EDFA5EA3-5BAC-331F-9DC8-DE4229AE623B}
	EndGlobalSection
	GlobalSection(ExtensibilityAddIns) = postSolution
	EndGlobalSection
EndGlobal
