Microsoft Visual Studio Solution File, Format Version 12.00
# Visual Studio 14
Project("{2150E333-8FDC-42A3-9474-1A3956D46DE8}") = "CMakePredefinedTargets", "CMakePredefinedTargets", "{07257368-B070-3CEF-8A61-82D687CF3461}"
EndProject
Project("{2150E333-8FDC-42A3-9474-1A3956D46DE8}") = "executables", "executables", "{8CAC02DA-06F8-30C4-B611-975A37225AED}"
EndProject
Project("{2150E333-8FDC-42A3-9474-1A3956D46DE8}") = "libraries", "libraries", "{06F58E90-FFA5-3401-8585-4F89BF25C71F}"
EndProject
Project("{8BC9CEB8-8B4A-11D0-8D11-00A0C91BC942}") = "ALL_BUILD", "ALL_BUILD.vcxproj", "{04B2B097-0109-3BD0-ADAC-57615DB32014}"
	ProjectSection(ProjectDependencies) = postProject
		{28C448AC-F69B-34B3-B8D8-19CFD1F5573F} = {28C448AC-F69B-34B3-B8D8-19CFD1F5573F}
		{F83B71B9-F694-361F-AF03-5329250F8D28} = {F83B71B9-F694-361F-AF03-5329250F8D28}
		{F791B498-09F8-3D1A-BDA0-F658DC92EEA9} = {F791B498-09F8-3D1A-BDA0-F658DC92EEA9}
	EndProjectSection
EndProject
Project("{8BC9CEB8-8B4A-11D0-8D11-00A0C91BC942}") = "INSTALL", "INSTALL.vcxproj", "{FC4B60FA-8308-3D90-8B82-F53191EA77EA}"
	ProjectSection(ProjectDependencies) = postProject
		{04B2B097-0109-3BD0-ADAC-57615DB32014} = {04B2B097-0109-3BD0-ADAC-57615DB32014}
		{F791B498-09F8-3D1A-BDA0-F658DC92EEA9} = {F791B498-09F8-3D1A-BDA0-F658DC92EEA9}
	EndProjectSection
EndProject
Project("{6989167D-11E4-40FE-8C1A-2192A86A7E90}") = "MOHIDLagrangian", "src\app\MOHIDLagrangian.vfproj", "{28C448AC-F69B-34B3-B8D8-19CFD1F5573F}"
	ProjectSection(ProjectDependencies) = postProject
		{F83B71B9-F694-361F-AF03-5329250F8D28} = {F83B71B9-F694-361F-AF03-5329250F8D28}
		{F791B498-09F8-3D1A-BDA0-F658DC92EEA9} = {F791B498-09F8-3D1A-BDA0-F658DC92EEA9}
	EndProjectSection
EndProject
Project("{6989167D-11E4-40FE-8C1A-2192A86A7E90}") = "MOHIDLagrangianLib", "src\lib\MOHIDLagrangianLib.vfproj", "{F83B71B9-F694-361F-AF03-5329250F8D28}"
	ProjectSection(ProjectDependencies) = postProject
		{F791B498-09F8-3D1A-BDA0-F658DC92EEA9} = {F791B498-09F8-3D1A-BDA0-F658DC92EEA9}
	EndProjectSection
EndProject
Project("{8BC9CEB8-8B4A-11D0-8D11-00A0C91BC942}") = "ZERO_CHECK", "ZERO_CHECK.vcxproj", "{F791B498-09F8-3D1A-BDA0-F658DC92EEA9}"
	ProjectSection(ProjectDependencies) = postProject
	EndProjectSection
EndProject
Global
	GlobalSection(SolutionConfigurationPlatforms) = preSolution
		RELEASE|x64 = RELEASE|x64
	EndGlobalSection
	GlobalSection(ProjectConfigurationPlatforms) = postSolution
		{04B2B097-0109-3BD0-ADAC-57615DB32014}.RELEASE|x64.ActiveCfg = RELEASE|x64
		{04B2B097-0109-3BD0-ADAC-57615DB32014}.RELEASE|x64.Build.0 = RELEASE|x64
		{FC4B60FA-8308-3D90-8B82-F53191EA77EA}.RELEASE|x64.ActiveCfg = RELEASE|x64
		{28C448AC-F69B-34B3-B8D8-19CFD1F5573F}.RELEASE|x64.ActiveCfg = RELEASE|x64
		{28C448AC-F69B-34B3-B8D8-19CFD1F5573F}.RELEASE|x64.Build.0 = RELEASE|x64
		{F83B71B9-F694-361F-AF03-5329250F8D28}.RELEASE|x64.ActiveCfg = RELEASE|x64
		{F83B71B9-F694-361F-AF03-5329250F8D28}.RELEASE|x64.Build.0 = RELEASE|x64
		{F791B498-09F8-3D1A-BDA0-F658DC92EEA9}.RELEASE|x64.ActiveCfg = RELEASE|x64
		{F791B498-09F8-3D1A-BDA0-F658DC92EEA9}.RELEASE|x64.Build.0 = RELEASE|x64
	EndGlobalSection
	GlobalSection(NestedProjects) = preSolution
		{04B2B097-0109-3BD0-ADAC-57615DB32014} = {07257368-B070-3CEF-8A61-82D687CF3461}
		{FC4B60FA-8308-3D90-8B82-F53191EA77EA} = {07257368-B070-3CEF-8A61-82D687CF3461}
		{F791B498-09F8-3D1A-BDA0-F658DC92EEA9} = {07257368-B070-3CEF-8A61-82D687CF3461}
		{28C448AC-F69B-34B3-B8D8-19CFD1F5573F} = {8CAC02DA-06F8-30C4-B611-975A37225AED}
		{F83B71B9-F694-361F-AF03-5329250F8D28} = {06F58E90-FFA5-3401-8585-4F89BF25C71F}
	EndGlobalSection
	GlobalSection(ExtensibilityGlobals) = postSolution
		SolutionGuid = {1CA1D3C9-69AF-3C25-A8ED-C47E9B122CB2}
	EndGlobalSection
	GlobalSection(ExtensibilityAddIns) = postSolution
	EndGlobalSection
EndGlobal
