Microsoft Visual Studio Solution File, Format Version 12.00
# Visual Studio 15
Project("{8BC9CEB8-8B4A-11D0-8D11-00A0C91BC942}") = "ALL_BUILD", "ALL_BUILD.vcxproj", "{8EC906A5-1080-3F6A-A55E-07310CE21695}"
	ProjectSection(ProjectDependencies) = postProject
		{7D7C15B0-93B0-3CBA-93A3-6839BB1A3175} = {7D7C15B0-93B0-3CBA-93A3-6839BB1A3175}
		{90103DEE-A3F1-3315-AD6D-7B6B7BB0E5A1} = {90103DEE-A3F1-3315-AD6D-7B6B7BB0E5A1}
		{8FE509A8-65EA-311B-8871-6D7FABE7D1B4} = {8FE509A8-65EA-311B-8871-6D7FABE7D1B4}
		{33BB43FB-1540-3A25-9563-9791320EEDDD} = {33BB43FB-1540-3A25-9563-9791320EEDDD}
		{B71D6970-A839-3F94-AD14-867B291ADFDF} = {B71D6970-A839-3F94-AD14-867B291ADFDF}
		{B1ED5EB9-5459-3E74-AF2E-65E3BC520520} = {B1ED5EB9-5459-3E74-AF2E-65E3BC520520}
		{6AD6AA23-B1BA-3EA8-9655-7257154CDBE9} = {6AD6AA23-B1BA-3EA8-9655-7257154CDBE9}
		{0B5F2B94-50C6-3B02-8EB4-47E061F16198} = {0B5F2B94-50C6-3B02-8EB4-47E061F16198}
		{3CE1C14D-306C-3373-91F3-6BFFD757B054} = {3CE1C14D-306C-3373-91F3-6BFFD757B054}
		{30821B17-1997-3C07-8A7A-954F87DC01DC} = {30821B17-1997-3C07-8A7A-954F87DC01DC}
		{22DE56E3-E7D4-3BAE-AAB1-97BAD6946AF0} = {22DE56E3-E7D4-3BAE-AAB1-97BAD6946AF0}
	EndProjectSection
EndProject
Project("{6989167D-11E4-40FE-8C1A-2192A86A7E90}") = "BeFoR64", "BeFoR64\BeFoR64.vfproj", "{7D7C15B0-93B0-3CBA-93A3-6839BB1A3175}"
	ProjectSection(ProjectDependencies) = postProject
		{3CE1C14D-306C-3373-91F3-6BFFD757B054} = {3CE1C14D-306C-3373-91F3-6BFFD757B054}
	EndProjectSection
EndProject
Project("{6989167D-11E4-40FE-8C1A-2192A86A7E90}") = "FACE", "FACE\FACE.vfproj", "{90103DEE-A3F1-3315-AD6D-7B6B7BB0E5A1}"
	ProjectSection(ProjectDependencies) = postProject
		{3CE1C14D-306C-3373-91F3-6BFFD757B054} = {3CE1C14D-306C-3373-91F3-6BFFD757B054}
	EndProjectSection
EndProject
Project("{6989167D-11E4-40FE-8C1A-2192A86A7E90}") = "FLAP", "FLAP\FLAP.vfproj", "{8FE509A8-65EA-311B-8871-6D7FABE7D1B4}"
	ProjectSection(ProjectDependencies) = postProject
		{3CE1C14D-306C-3373-91F3-6BFFD757B054} = {3CE1C14D-306C-3373-91F3-6BFFD757B054}
	EndProjectSection
EndProject
Project("{6989167D-11E4-40FE-8C1A-2192A86A7E90}") = "Foxy", "FoXy\Foxy.vfproj", "{33BB43FB-1540-3A25-9563-9791320EEDDD}"
	ProjectSection(ProjectDependencies) = postProject
		{3CE1C14D-306C-3373-91F3-6BFFD757B054} = {3CE1C14D-306C-3373-91F3-6BFFD757B054}
	EndProjectSection
EndProject
Project("{6989167D-11E4-40FE-8C1A-2192A86A7E90}") = "PENF", "PENF\PENF.vfproj", "{B71D6970-A839-3F94-AD14-867B291ADFDF}"
	ProjectSection(ProjectDependencies) = postProject
		{3CE1C14D-306C-3373-91F3-6BFFD757B054} = {3CE1C14D-306C-3373-91F3-6BFFD757B054}
	EndProjectSection
EndProject
Project("{6989167D-11E4-40FE-8C1A-2192A86A7E90}") = "StringiFor", "StringiFor\StringiFor.vfproj", "{B1ED5EB9-5459-3E74-AF2E-65E3BC520520}"
	ProjectSection(ProjectDependencies) = postProject
		{3CE1C14D-306C-3373-91F3-6BFFD757B054} = {3CE1C14D-306C-3373-91F3-6BFFD757B054}
	EndProjectSection
EndProject
Project("{6989167D-11E4-40FE-8C1A-2192A86A7E90}") = "VTKFortran", "VTKFortran\VTKFortran.vfproj", "{6AD6AA23-B1BA-3EA8-9655-7257154CDBE9}"
	ProjectSection(ProjectDependencies) = postProject
		{3CE1C14D-306C-3373-91F3-6BFFD757B054} = {3CE1C14D-306C-3373-91F3-6BFFD757B054}
	EndProjectSection
EndProject
Project("{6989167D-11E4-40FE-8C1A-2192A86A7E90}") = "VecFor", "VecFor\VecFor.vfproj", "{0B5F2B94-50C6-3B02-8EB4-47E061F16198}"
	ProjectSection(ProjectDependencies) = postProject
		{3CE1C14D-306C-3373-91F3-6BFFD757B054} = {3CE1C14D-306C-3373-91F3-6BFFD757B054}
	EndProjectSection
EndProject
Project("{8BC9CEB8-8B4A-11D0-8D11-00A0C91BC942}") = "ZERO_CHECK", "ZERO_CHECK.vcxproj", "{3CE1C14D-306C-3373-91F3-6BFFD757B054}"
	ProjectSection(ProjectDependencies) = postProject
	EndProjectSection
EndProject
Project("{6989167D-11E4-40FE-8C1A-2192A86A7E90}") = "datetime", "datetime-fortran\datetime.vfproj", "{30821B17-1997-3C07-8A7A-954F87DC01DC}"
	ProjectSection(ProjectDependencies) = postProject
		{3CE1C14D-306C-3373-91F3-6BFFD757B054} = {3CE1C14D-306C-3373-91F3-6BFFD757B054}
	EndProjectSection
EndProject
Project("{6989167D-11E4-40FE-8C1A-2192A86A7E90}") = "fortran-csv-module", "fortran-csv-module\fortran-csv-module.vfproj", "{22DE56E3-E7D4-3BAE-AAB1-97BAD6946AF0}"
	ProjectSection(ProjectDependencies) = postProject
		{3CE1C14D-306C-3373-91F3-6BFFD757B054} = {3CE1C14D-306C-3373-91F3-6BFFD757B054}
	EndProjectSection
EndProject
Global
	GlobalSection(SolutionConfigurationPlatforms) = preSolution
		DEBUG|x64 = DEBUG|x64
		RELEASE|x64 = RELEASE|x64
	EndGlobalSection
	GlobalSection(ProjectConfigurationPlatforms) = postSolution
		{8EC906A5-1080-3F6A-A55E-07310CE21695}.DEBUG|x64.ActiveCfg = DEBUG|x64
		{8EC906A5-1080-3F6A-A55E-07310CE21695}.RELEASE|x64.ActiveCfg = RELEASE|x64
		{7D7C15B0-93B0-3CBA-93A3-6839BB1A3175}.DEBUG|x64.ActiveCfg = DEBUG|x64
		{7D7C15B0-93B0-3CBA-93A3-6839BB1A3175}.DEBUG|x64.Build.0 = DEBUG|x64
		{7D7C15B0-93B0-3CBA-93A3-6839BB1A3175}.RELEASE|x64.ActiveCfg = RELEASE|x64
		{7D7C15B0-93B0-3CBA-93A3-6839BB1A3175}.RELEASE|x64.Build.0 = RELEASE|x64
		{90103DEE-A3F1-3315-AD6D-7B6B7BB0E5A1}.DEBUG|x64.ActiveCfg = DEBUG|x64
		{90103DEE-A3F1-3315-AD6D-7B6B7BB0E5A1}.DEBUG|x64.Build.0 = DEBUG|x64
		{90103DEE-A3F1-3315-AD6D-7B6B7BB0E5A1}.RELEASE|x64.ActiveCfg = RELEASE|x64
		{90103DEE-A3F1-3315-AD6D-7B6B7BB0E5A1}.RELEASE|x64.Build.0 = RELEASE|x64
		{8FE509A8-65EA-311B-8871-6D7FABE7D1B4}.DEBUG|x64.ActiveCfg = DEBUG|x64
		{8FE509A8-65EA-311B-8871-6D7FABE7D1B4}.DEBUG|x64.Build.0 = DEBUG|x64
		{8FE509A8-65EA-311B-8871-6D7FABE7D1B4}.RELEASE|x64.ActiveCfg = RELEASE|x64
		{8FE509A8-65EA-311B-8871-6D7FABE7D1B4}.RELEASE|x64.Build.0 = RELEASE|x64
		{33BB43FB-1540-3A25-9563-9791320EEDDD}.DEBUG|x64.ActiveCfg = DEBUG|x64
		{33BB43FB-1540-3A25-9563-9791320EEDDD}.DEBUG|x64.Build.0 = DEBUG|x64
		{33BB43FB-1540-3A25-9563-9791320EEDDD}.RELEASE|x64.ActiveCfg = RELEASE|x64
		{33BB43FB-1540-3A25-9563-9791320EEDDD}.RELEASE|x64.Build.0 = RELEASE|x64
		{B71D6970-A839-3F94-AD14-867B291ADFDF}.DEBUG|x64.ActiveCfg = DEBUG|x64
		{B71D6970-A839-3F94-AD14-867B291ADFDF}.DEBUG|x64.Build.0 = DEBUG|x64
		{B71D6970-A839-3F94-AD14-867B291ADFDF}.RELEASE|x64.ActiveCfg = RELEASE|x64
		{B71D6970-A839-3F94-AD14-867B291ADFDF}.RELEASE|x64.Build.0 = RELEASE|x64
		{B1ED5EB9-5459-3E74-AF2E-65E3BC520520}.DEBUG|x64.ActiveCfg = DEBUG|x64
		{B1ED5EB9-5459-3E74-AF2E-65E3BC520520}.DEBUG|x64.Build.0 = DEBUG|x64
		{B1ED5EB9-5459-3E74-AF2E-65E3BC520520}.RELEASE|x64.ActiveCfg = RELEASE|x64
		{B1ED5EB9-5459-3E74-AF2E-65E3BC520520}.RELEASE|x64.Build.0 = RELEASE|x64
		{6AD6AA23-B1BA-3EA8-9655-7257154CDBE9}.DEBUG|x64.ActiveCfg = DEBUG|x64
		{6AD6AA23-B1BA-3EA8-9655-7257154CDBE9}.DEBUG|x64.Build.0 = DEBUG|x64
		{6AD6AA23-B1BA-3EA8-9655-7257154CDBE9}.RELEASE|x64.ActiveCfg = RELEASE|x64
		{6AD6AA23-B1BA-3EA8-9655-7257154CDBE9}.RELEASE|x64.Build.0 = RELEASE|x64
		{0B5F2B94-50C6-3B02-8EB4-47E061F16198}.DEBUG|x64.ActiveCfg = DEBUG|x64
		{0B5F2B94-50C6-3B02-8EB4-47E061F16198}.DEBUG|x64.Build.0 = DEBUG|x64
		{0B5F2B94-50C6-3B02-8EB4-47E061F16198}.RELEASE|x64.ActiveCfg = RELEASE|x64
		{0B5F2B94-50C6-3B02-8EB4-47E061F16198}.RELEASE|x64.Build.0 = RELEASE|x64
		{3CE1C14D-306C-3373-91F3-6BFFD757B054}.DEBUG|x64.ActiveCfg = DEBUG|x64
		{3CE1C14D-306C-3373-91F3-6BFFD757B054}.DEBUG|x64.Build.0 = DEBUG|x64
		{3CE1C14D-306C-3373-91F3-6BFFD757B054}.RELEASE|x64.ActiveCfg = RELEASE|x64
		{3CE1C14D-306C-3373-91F3-6BFFD757B054}.RELEASE|x64.Build.0 = RELEASE|x64
		{30821B17-1997-3C07-8A7A-954F87DC01DC}.DEBUG|x64.ActiveCfg = DEBUG|x64
		{30821B17-1997-3C07-8A7A-954F87DC01DC}.DEBUG|x64.Build.0 = DEBUG|x64
		{30821B17-1997-3C07-8A7A-954F87DC01DC}.RELEASE|x64.ActiveCfg = RELEASE|x64
		{30821B17-1997-3C07-8A7A-954F87DC01DC}.RELEASE|x64.Build.0 = RELEASE|x64
		{22DE56E3-E7D4-3BAE-AAB1-97BAD6946AF0}.DEBUG|x64.ActiveCfg = DEBUG|x64
		{22DE56E3-E7D4-3BAE-AAB1-97BAD6946AF0}.DEBUG|x64.Build.0 = DEBUG|x64
		{22DE56E3-E7D4-3BAE-AAB1-97BAD6946AF0}.RELEASE|x64.ActiveCfg = RELEASE|x64
		{22DE56E3-E7D4-3BAE-AAB1-97BAD6946AF0}.RELEASE|x64.Build.0 = RELEASE|x64
	EndGlobalSection
	GlobalSection(ExtensibilityGlobals) = postSolution
		SolutionGuid = {67ADFCD9-F830-39F3-A782-4D6DC2F4B269}
	EndGlobalSection
	GlobalSection(ExtensibilityAddIns) = postSolution
	EndGlobalSection
EndGlobal
